{
  "name": "dsh-uni-browser",
  "version": "0.1.0-rc.7",
  "lockfileVersion": 3,
  "requires": true,
  "packages": {
    "": {
      "name": "dsh-uni-browser",
      "version": "0.1.0-rc.7",
      "license": "MIT",
      "devDependencies": {
        "@deepseek-ai/cordis": "^4.0.1",
        "@deepseek-ai/dsh-tools": "^0.1.0-rc.7",
        "@deepseek-ai/schemastery": "^3.18.1"
      },
      "engines": {
        "node": ">=22"
      },
      "optionalDependencies": {
        "dsh-uni-browser-darwin-arm64": "0.1.2",
        "dsh-uni-browser-darwin-x64": "0.1.2",
        "dsh-uni-browser-linux-arm64": "0.1.2",
        "dsh-uni-browser-linux-x64": "0.1.2"
      },
      "peerDependencies": {
        "@deepseek-ai/cordis": "^4.0.1",
        "@deepseek-ai/dsh-tools": ">=0.1.0-rc.5",
        "@deepseek-ai/schemastery": "^3.18.1",
        "react": "^18.2.0"
      }
    },
    "node_modules/@deepseek-ai/cordis": {
      "version": "4.0.1",
      "dev": true,
      "license": "MIT",
      "dependencies": {
        "@deepseek-ai/cosmokit": "^1.8.2",
        "@standard-schema/spec": "^1.1.0"
      },
      "bin": {
        "cordis": "bin.js"
      },
      "peerDependencies": {
        "@deepseek-ai/cordis-plugin-include": "^1.0.6",
        "@deepseek-ai/cordis-plugin-loader": "^1.0.2"
      },
      "peerDependenciesMeta": {
        "@deepseek-ai/cordis-plugin-include": {
          "optional": true
        },
        "@deepseek-ai/cordis-plugin-loader": {
          "optional": true
        }
      }
    },
    "node_modules/@deepseek-ai/cosmokit": {
      "version": "1.8.2",
      "dev": true,
      "license": "MIT"
    },
    "node_modules/@deepseek-ai/dsh-agent": {
      "version": "0.1.0-rc.7",
      "dev": true,
      "license": "MIT",
      "peer": true,
      "peerDependencies": {
        "@deepseek-ai/cordis": "^4.0.1",
        "@deepseek-ai/dsh-invariants": "^0.1.0-rc.7",
        "@deepseek-ai/dsh-llm": "^0.1.0-rc.7",
        "@deepseek-ai/dsh-scope": "^0.1.0-rc.7",
        "@deepseek-ai/dsh-session": "^0.1.0-rc.7",
        "@deepseek-ai/dsh-system-prompt": "^0.1.0-rc.7",
        "@deepseek-ai/dsh-typert-protocol": "^0.1.0-rc.7"
      }
    },
    "node_modules/@deepseek-ai/dsh-attachment": {
      "version": "0.1.0-rc.7",
      "dev": true,
      "license": "MIT",
      "peer": true,
      "peerDependencies": {
        "@deepseek-ai/cordis": "^4.0.1",
        "@deepseek-ai/dsh-brand": "^0.1.0-rc.7",
        "@deepseek-ai/dsh-invariants": "^0.1.0-rc.7"
      }
    },
    "node_modules/@deepseek-ai/dsh-brand": {
      "version": "0.1.0-rc.7",
      "dev": true,
      "license": "MIT",
      "peer": true,
      "peerDependencies": {
        "@deepseek-ai/cordis": "^4.0.1",
        "@deepseek-ai/dsh-invariants": "^0.1.0-rc.7"
      }
    },
    "node_modules/@deepseek-ai/dsh-code-runtime": {
      "version": "0.1.0-rc.7",
      "dev": true,
      "license": "MIT",
      "peer": true,
      "peerDependencies": {
        "@deepseek-ai/cordis": "^4.0.1",
        "@deepseek-ai/dsh-invariants": "^0.1.0-rc.7"
      }
    },
    "node_modules/@deepseek-ai/dsh-invariants": {
      "version": "0.1.0-rc.7",
      "dev": true,
      "license": "MIT",
      "peer": true,
      "dependencies": {
        "@deepseek-ai/schemastery": "^3.18.1"
      },
      "peerDependencies": {
        "@deepseek-ai/cordis": "^4.0.1"
      }
    },
    "node_modules/@deepseek-ai/dsh-llm": {
      "version": "0.1.0-rc.7",
      "dev": true,
      "license": "MIT",
      "peer": true,
      "dependencies": {
        "@deepseek-ai/schemastery": "^3.18.1"
      },
      "peerDependencies": {
        "@deepseek-ai/cordis": "^4.0.1",
        "@deepseek-ai/dsh-attachment": "^0.1.0-rc.7",
        "@deepseek-ai/dsh-brand": "^0.1.0-rc.7",
        "@deepseek-ai/dsh-invariants": "^0.1.0-rc.7",
        "@deepseek-ai/dsh-timeout": "^0.1.0-rc.7"
      }
    },
    "node_modules/@deepseek-ai/dsh-scope": {
      "version": "0.1.0-rc.7",
      "dev": true,
      "license": "MIT",
      "peer": true,
      "peerDependencies": {
        "@deepseek-ai/cordis": "^4.0.1",
        "@deepseek-ai/dsh-invariants": "^0.1.0-rc.7"
      }
    },
    "node_modules/@deepseek-ai/dsh-session": {
      "version": "0.1.0-rc.7",
      "dev": true,
      "license": "MIT",
      "peer": true,
      "peerDependencies": {
        "@deepseek-ai/cordis": "^4.0.1",
        "@deepseek-ai/dsh-brand": "^0.1.0-rc.7",
        "@deepseek-ai/dsh-invariants": "^0.1.0-rc.7",
        "@deepseek-ai/dsh-llm": "^0.1.0-rc.7",
        "@deepseek-ai/dsh-scope": "^0.1.0-rc.7",
        "@deepseek-ai/dsh-typert-protocol": "^0.1.0-rc.7"
      }
    },
    "node_modules/@deepseek-ai/dsh-system-prompt": {
      "version": "0.1.0-rc.7",
      "dev": true,
      "license": "MIT",
      "peer": true,
      "dependencies": {
        "@deepseek-ai/schemastery": "^3.18.1"
      },
      "peerDependencies": {
        "@deepseek-ai/cordis": "^4.0.1",
        "@deepseek-ai/dsh-invariants": "^0.1.0-rc.7",
        "@deepseek-ai/dsh-llm": "^0.1.0-rc.7",
        "@deepseek-ai/dsh-scope": "^0.1.0-rc.7"
      }
    },
    "node_modules/@deepseek-ai/dsh-timeout": {
      "version": "0.1.0-rc.7",
      "dev": true,
      "license": "MIT",
      "peer": true,
      "peerDependencies": {
        "@deepseek-ai/cordis": "^4.0.1",
        "@deepseek-ai/dsh-invariants": "^0.1.0-rc.7"
      }
    },
    "node_modules/@deepseek-ai/dsh-tools": {
      "version": "0.1.0-rc.7",
      "dev": true,
      "license": "MIT",
      "dependencies": {
        "@deepseek-ai/schemastery": "^3.18.1"
      },
      "peerDependencies": {
        "@deepseek-ai/cordis": "^4.0.1",
        "@deepseek-ai/dsh-agent": "^0.1.0-rc.7",
        "@deepseek-ai/dsh-code-runtime": "^0.1.0-rc.7",
        "@deepseek-ai/dsh-invariants": "^0.1.0-rc.7",
        "@deepseek-ai/dsh-llm": "^0.1.0-rc.7",
        "@deepseek-ai/dsh-scope": "^0.1.0-rc.7",
        "@deepseek-ai/dsh-session": "^0.1.0-rc.7",
        "@deepseek-ai/dsh-system-prompt": "^0.1.0-rc.7",
        "@deepseek-ai/dsh-user-approval": "^0.1.0-rc.7"
      }
    },
    "node_modules/@deepseek-ai/dsh-typert-protocol": {
      "version": "0.1.0-rc.7",
      "dev": true,
      "license": "MIT",
      "peer": true,
      "peerDependencies": {
        "@deepseek-ai/cordis": "^4.0.1",
        "@deepseek-ai/dsh-invariants": "^0.1.0-rc.7"
      }
    },
    "node_modules/@deepseek-ai/dsh-user-approval": {
      "version": "0.1.0-rc.7",
      "dev": true,
      "license": "MIT",
      "peer": true,
      "dependencies": {
        "@deepseek-ai/schemastery": "^3.18.1"
      },
      "peerDependencies": {
        "@deepseek-ai/cordis": "^4.0.1",
        "@deepseek-ai/dsh-agent": "^0.1.0-rc.7",
        "@deepseek-ai/dsh-brand": "^0.1.0-rc.7",
        "@deepseek-ai/dsh-invariants": "^0.1.0-rc.7",
        "@deepseek-ai/dsh-llm": "^0.1.0-rc.7",
        "@deepseek-ai/dsh-scope": "^0.1.0-rc.7",
        "@deepseek-ai/dsh-session": "^0.1.0-rc.7",
        "@deepseek-ai/dsh-system-prompt": "^0.1.0-rc.7"
      }
    },
    "node_modules/@deepseek-ai/schemastery": {
      "version": "3.18.1",
      "dev": true,
      "license": "MIT",
      "dependencies": {
        "@deepseek-ai/cosmokit": "^1.8.2",
        "@standard-schema/spec": "^1.1.0"
      }
    },
    "node_modules/@standard-schema/spec": {
      "version": "1.1.0",
      "dev": true,
      "license": "MIT"
    },
    "node_modules/dsh-uni-browser-darwin-arm64": {
      "version": "0.1.2",
      "resolved": "https://registry.npmjs.org/dsh-uni-browser-darwin-arm64/-/dsh-uni-browser-darwin-arm64-0.1.2.tgz",
      "integrity": "sha512-6QUaCGuHSGIo1c4mS2MgbpDQdf7erLZHJbOSWeDbzyGF2QHzjiJNDLH7aN4orB5zlZS/Qn/vu35PiNOyd87LTg==",
      "cpu": [
        "arm64"
      ],
      "license": "MIT",
      "optional": true,
      "os": [
        "darwin"
      ]
    },
    "node_modules/dsh-uni-browser-darwin-x64": {
      "version": "0.1.2",
      "resolved": "https://registry.npmjs.org/dsh-uni-browser-darwin-x64/-/dsh-uni-browser-darwin-x64-0.1.2.tgz",
      "integrity": "sha512-FbgtNHoi41Jv+SVBx2zSEuxk08fE0qiGCKzZRo0SJSVwVcpxwnIWCFkt89E45od6cwTipupJjfKGK+3FuneHyA==",
      "cpu": [
        "x64"
      ],
      "license": "MIT",
      "optional": true,
      "os": [
        "darwin"
      ]
    },
    "node_modules/dsh-uni-browser-linux-arm64": {
      "version": "0.1.2",
      "resolved": "https://registry.npmjs.org/dsh-uni-browser-linux-arm64/-/dsh-uni-browser-linux-arm64-0.1.2.tgz",
      "integrity": "sha512-8KAb+NnGfbFe9SI19OmAvdthd3G1Yx3WGotemV34H108LZOIH3VEWHsubj5pY51Ibj9BkVrjzq0DcNBIf6Jlkw==",
      "cpu": [
        "arm64"
      ],
      "license": "MIT",
      "optional": true,
      "os": [
        "linux"
      ]
    },
    "node_modules/dsh-uni-browser-linux-x64": {
      "version": "0.1.2",
      "resolved": "https://registry.npmjs.org/dsh-uni-browser-linux-x64/-/dsh-uni-browser-linux-x64-0.1.2.tgz",
      "integrity": "sha512-Kca3eT7MY3aElj+oR0+A3Jm0GYl7Lgdi+S5J1nLrIcBcb62y7s1g1THq2x7bsCKOy4BsXnkw/SLH7qErNRZvgg==",
      "cpu": [
        "x64"
      ],
      "license": "MIT",
      "optional": true,
      "os": [
        "linux"
      ]
    },
    "node_modules/js-tokens": {
      "version": "4.0.0",
      "license": "MIT",
      "peer": true
    },
    "node_modules/loose-envify": {
      "version": "1.4.0",
      "license": "MIT",
      "peer": true,
      "dependencies": {
        "js-tokens": "^3.0.0 || ^4.0.0"
      },
      "bin": {
        "loose-envify": "cli.js"
      }
    },
    "node_modules/react": {
      "version": "18.3.1",
      "license": "MIT",
      "peer": true,
      "dependencies": {
        "loose-envify": "^1.1.0"
      },
      "engines": {
        "node": ">=0.10.0"
      }
    }
  }
}
